
Microsoft Visual Studio Solution File, Format Version 12.00
# Visual Studio Version 16
VisualStudioVersion = 16.0.29318.209
MinimumVisualStudioVersion = 10.0.40219.1
Project("{FAE04EC0-301F-11D3-BF4B-00C04F79EFBC}") = "CleanMed", "CleanMed\CleanMed.csproj", "{27DA7D89-73D4-40F4-90B6-E2558B7B0562}"
EndProject
Global
	GlobalSection(SolutionConfigurationPlatforms) = preSolution
		Debug|Any CPU = Debug|Any CPU
		Release|Any CPU = Release|Any CPU
	EndGlobalSection
	GlobalSection(ProjectConfigurationPlatforms) = postSolution
		{27DA7D89-73D4-40F4-90B6-E2558B7B0562}.Debug|Any CPU.ActiveCfg = Debug|Any CPU
		{27DA7D89-73D4-40F4-90B6-E2558B7B0562}.Debug|Any CPU.Build.0 = Debug|Any CPU
		{27DA7D89-73D4-40F4-90B6-E2558B7B0562}.Release|Any CPU.ActiveCfg = Release|Any CPU
		{27DA7D89-73D4-40F4-90B6-E2558B7B0562}.Release|Any CPU.Build.0 = Release|Any CPU
	EndGlobalSection
	GlobalSection(SolutionProperties) = preSolution
		HideSolutionNode = FALSE
	EndGlobalSection
	GlobalSection(ExtensibilityGlobals) = postSolution
		SolutionGuid = {57D85A9D-554E-4328-81EC-1C9D89377CD3}
	EndGlobalSection
EndGlobal
